# This file is automatically @generated by Poetry 2.1.2 and should not be changed by hand.

[[package]]
name = "pycuber"
version = "0.2.2"
description = "Rubik's Cube in Python"
optional = false
python-versions = "*"
groups = ["main"]
files = [
    {file = "pycuber-0.2.2-py3-none-any.whl", hash = "sha256:081ad3e965667a101e7057d77904cb22d8f6ec1f50c19cf05fe7e66354049a73"},
    {file = "pycuber-0.2.2.tar.gz", hash = "sha256:ca7721a559fb1dc77c2a63b82cec39aef158c2f1a3ff7c6ede713e2de522a444"},
]

[metadata]
lock-version = "2.1"
python-versions = ">=3.12"
content-hash = "8d7f82f729e3914ae79caab7f8cf73ba2b15bb7ae43e9f1d57dde59c900a13ae"
